
Microsoft Visual Studio Solution File, Format Version 12.00
# Visual Studio Version 16
VisualStudioVersion = 16.0.29509.3
MinimumVisualStudioVersion = 10.0.40219.1
Project("{FAE04EC0-301F-11D3-BF4B-00C04F79EFBC}") = "UnitTestZespol", "UnitTestZespol\UnitTestZespol.csproj", "{EE84C695-F84B-43D8-988D-C87D1D0DFA77}"
EndProject
Global
	GlobalSection(SolutionConfigurationPlatforms) = preSolution
		Debug|Any CPU = Debug|Any CPU
		Release|Any CPU = Release|Any CPU
	EndGlobalSection
	GlobalSection(ProjectConfigurationPlatforms) = postSolution
		{EE84C695-F84B-43D8-988D-C87D1D0DFA77}.Debug|Any CPU.ActiveCfg = Debug|Any CPU
		{EE84C695-F84B-43D8-988D-C87D1D0DFA77}.Debug|Any CPU.Build.0 = Debug|Any CPU
		{EE84C695-F84B-43D8-988D-C87D1D0DFA77}.Release|Any CPU.ActiveCfg = Release|Any CPU
		{EE84C695-F84B-43D8-988D-C87D1D0DFA77}.Release|Any CPU.Build.0 = Release|Any CPU
	EndGlobalSection
	GlobalSection(SolutionProperties) = preSolution
		HideSolutionNode = FALSE
	EndGlobalSection
	GlobalSection(ExtensibilityGlobals) = postSolution
		SolutionGuid = {EFFDFADC-D155-4F98-B48D-F3999FA9A1E3}
	EndGlobalSection
EndGlobal
