
Microsoft Visual Studio Solution File, Format Version 12.00
# Visual Studio Version 16
VisualStudioVersion = 16.0.29509.3
MinimumVisualStudioVersion = 10.0.40219.1
Project("{FAE04EC0-301F-11D3-BF4B-00C04F79EFBC}") = "cwiczenia4", "cwiczenia4\cwiczenia4.csproj", "{C9CB1CFD-3788-465B-8297-3594A8A0F47D}"
EndProject
Global
	GlobalSection(SolutionConfigurationPlatforms) = preSolution
		Debug|Any CPU = Debug|Any CPU
		Release|Any CPU = Release|Any CPU
	EndGlobalSection
	GlobalSection(ProjectConfigurationPlatforms) = postSolution
		{C9CB1CFD-3788-465B-8297-3594A8A0F47D}.Debug|Any CPU.ActiveCfg = Debug|Any CPU
		{C9CB1CFD-3788-465B-8297-3594A8A0F47D}.Debug|Any CPU.Build.0 = Debug|Any CPU
		{C9CB1CFD-3788-465B-8297-3594A8A0F47D}.Release|Any CPU.ActiveCfg = Release|Any CPU
		{C9CB1CFD-3788-465B-8297-3594A8A0F47D}.Release|Any CPU.Build.0 = Release|Any CPU
	EndGlobalSection
	GlobalSection(SolutionProperties) = preSolution
		HideSolutionNode = FALSE
	EndGlobalSection
	GlobalSection(ExtensibilityGlobals) = postSolution
		SolutionGuid = {799BFC41-3C9F-44D5-8052-4DD4397CFC49}
	EndGlobalSection
EndGlobal
